// !$*UTF8*$!
{
	archiveVersion = 1;
	classes = {
	};
	objectVersion = 48;
	objects = {

/* Begin PBXBuildFile section */
		11043452210EF075003DB91A /* Session.swift in Sources */ = {isa = PBXBuildFile; fileRef = 11043451210EF075003DB91A /* Session.swift */; };
		11043454210F3543003DB91A /* LastValuesCell.swift in Sources */ = {isa = PBXBuildFile; fileRef = 11043453210F3543003DB91A /* LastValuesCell.swift */; };
		1104347D21105D17003DB91A /* LineChartViewController.swift in Sources */ = {isa = PBXBuildFile; fileRef = 1104347C21105D17003DB91A /* LineChartViewController.swift */; };
		1104348F211199B7003DB91A /* LargeValueFormatter.swift in Sources */ = {isa = PBXBuildFile; fileRef = 1104348E211199B7003DB91A /* LargeValueFormatter.swift */; };
		110434AE21132431003DB91A /* next.png in Resources */ = {isa = PBXBuildFile; fileRef = 110434A421132430003DB91A /* next.png */; };
		110434AF21132431003DB91A /* container.png in Resources */ = {isa = PBXBuildFile; fileRef = 110434A521132430003DB91A /* container.png */; };
		110434B021132431003DB91A /* Aknowledge.png in Resources */ = {isa = PBXBuildFile; fileRef = 110434A621132430003DB91A /* Aknowledge.png */; };
		110434B121132431003DB91A /* terminate.png in Resources */ = {isa = PBXBuildFile; fileRef = 110434A721132430003DB91A /* terminate.png */; };
		110434B221132431003DB91A /* resolve.png in Resources */ = {isa = PBXBuildFile; fileRef = 110434A821132430003DB91A /* resolve.png */; };
		110434B321132431003DB91A /* cluster.png in Resources */ = {isa = PBXBuildFile; fileRef = 110434A921132430003DB91A /* cluster.png */; };
		110434B421132431003DB91A /* Alarms.png in Resources */ = {isa = PBXBuildFile; fileRef = 110434AA21132430003DB91A /* Alarms.png */; };
		110434B521132431003DB91A /* node.png in Resources */ = {isa = PBXBuildFile; fileRef = 110434AB21132430003DB91A /* node.png */; };
		110434B621132431003DB91A /* last values.png in Resources */ = {isa = PBXBuildFile; fileRef = 110434AC21132431003DB91A /* last values.png */; };
		110434B721132431003DB91A /* objectBrowser.png in Resources */ = {isa = PBXBuildFile; fileRef = 110434AD21132431003DB91A /* objectBrowser.png */; };
		110434B921132987003DB91A /* Alarms.svg in Resources */ = {isa = PBXBuildFile; fileRef = 110434B821132986003DB91A /* Alarms.svg */; };
		110CE04521525086007CED7F /* ObjectToolViewCell.swift in Sources */ = {isa = PBXBuildFile; fileRef = 110CE04421525086007CED7F /* ObjectToolViewCell.swift */; };
		110CE049215274E8007CED7F /* ObjectTool.swift in Sources */ = {isa = PBXBuildFile; fileRef = 110CE048215274E8007CED7F /* ObjectTool.swift */; };
		1125612D21368C9500F492AD /* PredefinedGraphsViewController.swift in Sources */ = {isa = PBXBuildFile; fileRef = 1125612C21368C9500F492AD /* PredefinedGraphsViewController.swift */; };
		1125612F21368DE100F492AD /* GraphFolder.swift in Sources */ = {isa = PBXBuildFile; fileRef = 1125612E21368DE100F492AD /* GraphFolder.swift */; };
		1125613121368DFB00F492AD /* GraphSettings.swift in Sources */ = {isa = PBXBuildFile; fileRef = 1125613021368DFB00F492AD /* GraphSettings.swift */; };
		11283D61213EC20000EF4083 /* PredefinedGraphViewCell.swift in Sources */ = {isa = PBXBuildFile; fileRef = 11283D60213EC20000EF4083 /* PredefinedGraphViewCell.swift */; };
		11283D65213FC63A00EF4083 /* PredefinedGraphFolderViewCell.swift in Sources */ = {isa = PBXBuildFile; fileRef = 11283D64213FC63A00EF4083 /* PredefinedGraphFolderViewCell.swift */; };
		11283D6721467C9E00EF4083 /* DciData.swift in Sources */ = {isa = PBXBuildFile; fileRef = 11283D6621467C9E00EF4083 /* DciData.swift */; };
		11283D6B214A759300EF4083 /* TimestampFormatter.swift in Sources */ = {isa = PBXBuildFile; fileRef = 11283D6A214A759300EF4083 /* TimestampFormatter.swift */; };
		11283D6D214A7B1200EF4083 /* PredefinedGraphChartController.swift in Sources */ = {isa = PBXBuildFile; fileRef = 11283D6C214A7B1200EF4083 /* PredefinedGraphChartController.swift */; };
		112ADAA6205BB82B00FAB36D /* AbstractObject.swift in Sources */ = {isa = PBXBuildFile; fileRef = 112ADAA5205BB82B00FAB36D /* AbstractObject.swift */; };
		112B7FEE21AE98C0009AAD52 /* ObjectDetailsNoDataCell.swift in Sources */ = {isa = PBXBuildFile; fileRef = 112B7FED21AE98C0009AAD52 /* ObjectDetailsNoDataCell.swift */; };
		1132E92B20B2B8A10009FF02 /* filter.png in Resources */ = {isa = PBXBuildFile; fileRef = 1132E92A20B2B8A10009FF02 /* filter.png */; };
		1137427620A4957600A80679 /* MainNavigationController.swift in Sources */ = {isa = PBXBuildFile; fileRef = 1137427520A4957600A80679 /* MainNavigationController.swift */; };
		1137427820A49C9D00A80679 /* MainViewController.swift in Sources */ = {isa = PBXBuildFile; fileRef = 1137427720A49C9D00A80679 /* MainViewController.swift */; };
		1137427E20A5926800A80679 /* AlarmDetailsViewController.swift in Sources */ = {isa = PBXBuildFile; fileRef = 1137427D20A5926800A80679 /* AlarmDetailsViewController.swift */; };
		113F8E8C20EF54490076A79E /* Node.swift in Sources */ = {isa = PBXBuildFile; fileRef = 113F8E8B20EF54490076A79E /* Node.swift */; };
		113F8E8E20EF54570076A79E /* Cluster.swift in Sources */ = {isa = PBXBuildFile; fileRef = 113F8E8D20EF54570076A79E /* Cluster.swift */; };
		113F8E9220F610C60076A79E /* DciValue.swift in Sources */ = {isa = PBXBuildFile; fileRef = 113F8E9120F610C60076A79E /* DciValue.swift */; };
		1148CC44214FD9DB007005EC /* DateValueFormatter.swift in Sources */ = {isa = PBXBuildFile; fileRef = 1148CC41214FD9DB007005EC /* DateValueFormatter.swift */; };
		1148CC462150F6FE007005EC /* LastValuesChartController.swift in Sources */ = {isa = PBXBuildFile; fileRef = 1148CC452150F6FE007005EC /* LastValuesChartController.swift */; };
		1148CC4921510C1A007005EC /* ObjectToolsViewController.swift in Sources */ = {isa = PBXBuildFile; fileRef = 1148CC4821510C1A007005EC /* ObjectToolsViewController.swift */; };
		114995AC217F02BF002F2FE6 /* ObjectToolOutputViewController.swift in Sources */ = {isa = PBXBuildFile; fileRef = 114995AB217F02BF002F2FE6 /* ObjectToolOutputViewController.swift */; };
		1160B6C021B53A690078EF27 /* ObjectToolsURLOutputViewController.swift in Sources */ = {isa = PBXBuildFile; fileRef = 1160B6BF21B53A690078EF27 /* ObjectToolsURLOutputViewController.swift */; };
		1161F7B3203EAFE700B9C845 /* AppDelegate.swift in Sources */ = {isa = PBXBuildFile; fileRef = 1161F7B2203EAFE700B9C845 /* AppDelegate.swift */; };
		1161F7B8203EAFE700B9C845 /* Main.storyboard in Resources */ = {isa = PBXBuildFile; fileRef = 1161F7B6203EAFE700B9C845 /* Main.storyboard */; };
		1161F7BA203EAFE700B9C845 /* Assets.xcassets in Resources */ = {isa = PBXBuildFile; fileRef = 1161F7B9203EAFE700B9C845 /* Assets.xcassets */; };
		1161F7BD203EAFE700B9C845 /* LaunchScreen.storyboard in Resources */ = {isa = PBXBuildFile; fileRef = 1161F7BB203EAFE700B9C845 /* LaunchScreen.storyboard */; };
		1161F7C8203EAFE800B9C845 /* NetXMS_Mobile_ConsoleTests.swift in Sources */ = {isa = PBXBuildFile; fileRef = 1161F7C7203EAFE800B9C845 /* NetXMS_Mobile_ConsoleTests.swift */; };
		1161F7D3203EAFE800B9C845 /* NetXMS_Mobile_ConsoleUITests.swift in Sources */ = {isa = PBXBuildFile; fileRef = 1161F7D2203EAFE800B9C845 /* NetXMS_Mobile_ConsoleUITests.swift */; };
		1161F7E5203EB03F00B9C845 /* icon.png in Resources */ = {isa = PBXBuildFile; fileRef = 1161F7E0203EB03E00B9C845 /* icon.png */; };
		1161F7E7203EB03F00B9C845 /* LoginViewController.swift in Sources */ = {isa = PBXBuildFile; fileRef = 1161F7E2203EB03E00B9C845 /* LoginViewController.swift */; };
		1161F7E8203EB03F00B9C845 /* Connection.swift in Sources */ = {isa = PBXBuildFile; fileRef = 1161F7E3203EB03F00B9C845 /* Connection.swift */; };
		1161F7EB203EBAA400B9C845 /* about.png in Resources */ = {isa = PBXBuildFile; fileRef = 1161F7EA203EBAA400B9C845 /* about.png */; };
		1161F7EF203EFC1C00B9C845 /* AlarmBrowserViewController.swift in Sources */ = {isa = PBXBuildFile; fileRef = 1161F7EE203EFC1C00B9C845 /* AlarmBrowserViewController.swift */; };
		1161F7F1203F0B8B00B9C845 /* Alarm.swift in Sources */ = {isa = PBXBuildFile; fileRef = 1161F7F0203F0B8B00B9C845 /* Alarm.swift */; };
		116F027220F761E200056C7F /* ObjectDetailsLastValuesCell.swift in Sources */ = {isa = PBXBuildFile; fileRef = 116F027120F761E200056C7F /* ObjectDetailsLastValuesCell.swift */; };
		1189A8B720F754E300510DB4 /* ObjectDetailsViewController.swift in Sources */ = {isa = PBXBuildFile; fileRef = 1189A8B620F754E300510DB4 /* ObjectDetailsViewController.swift */; };
		1189A8B920F7557900510DB4 /* ObjectDetailsAlarmCell.swift in Sources */ = {isa = PBXBuildFile; fileRef = 1189A8B820F7557900510DB4 /* ObjectDetailsAlarmCell.swift */; };
		1192CCBA223FEC3800FB1DE1 /* ObjectToolFolderViewCell.swift in Sources */ = {isa = PBXBuildFile; fileRef = 1192CCB9223FEC3800FB1DE1 /* ObjectToolFolderViewCell.swift */; };
		11B2F5452248D7EA00E3C3EB /* SessionNotification.swift in Sources */ = {isa = PBXBuildFile; fileRef = 11B2F5442248D7EA00E3C3EB /* SessionNotification.swift */; };
		11B6799521088509005C8C4B /* Severity.swift in Sources */ = {isa = PBXBuildFile; fileRef = 11B6799421088509005C8C4B /* Severity.swift */; };
		11B67998210B269E005C8C4B /* LastValuesViewController.swift in Sources */ = {isa = PBXBuildFile; fileRef = 11B67997210B269E005C8C4B /* LastValuesViewController.swift */; };
		11C1B8C220456F87005B2B6D /* AlarmBrowserViewCell.swift in Sources */ = {isa = PBXBuildFile; fileRef = 11C1B8C120456F87005B2B6D /* AlarmBrowserViewCell.swift */; };
		11C1B8C8204570A1005B2B6D /* status_normal.png in Resources */ = {isa = PBXBuildFile; fileRef = 11C1B8C3204570A1005B2B6D /* status_normal.png */; };
		11C1B8C9204570A1005B2B6D /* warning.png in Resources */ = {isa = PBXBuildFile; fileRef = 11C1B8C4204570A1005B2B6D /* warning.png */; };
		11C1B8CA204570A1005B2B6D /* critical.png in Resources */ = {isa = PBXBuildFile; fileRef = 11C1B8C5204570A1005B2B6D /* critical.png */; };
		11C1B8CB204570A1005B2B6D /* major.png in Resources */ = {isa = PBXBuildFile; fileRef = 11C1B8C6204570A1005B2B6D /* major.png */; };
		11C1B8CC204570A1005B2B6D /* minor.png in Resources */ = {isa = PBXBuildFile; fileRef = 11C1B8C7204570A1005B2B6D /* minor.png */; };
		11C2DA122289772F0087C0F6 /* Charts.framework in Frameworks */ = {isa = PBXBuildFile; fileRef = 11C2DA0F228977140087C0F6 /* Charts.framework */; };
		11C2DA132289772F0087C0F6 /* Charts.framework in Embed Frameworks */ = {isa = PBXBuildFile; fileRef = 11C2DA0F228977140087C0F6 /* Charts.framework */; settings = {ATTRIBUTES = (CodeSignOnCopy, RemoveHeadersOnCopy, ); }; };
		11C2DA222289776F0087C0F6 /* SwiftKeychainWrapper.framework in Frameworks */ = {isa = PBXBuildFile; fileRef = 11C2DA1D228977620087C0F6 /* SwiftKeychainWrapper.framework */; };
		11C2DA232289776F0087C0F6 /* SwiftKeychainWrapper.framework in Embed Frameworks */ = {isa = PBXBuildFile; fileRef = 11C2DA1D228977620087C0F6 /* SwiftKeychainWrapper.framework */; settings = {ATTRIBUTES = (CodeSignOnCopy, RemoveHeadersOnCopy, ); }; };
		11C2DA28228C290F0087C0F6 /* CertificateDetailsViewController.swift in Sources */ = {isa = PBXBuildFile; fileRef = 11C2DA27228C290F0087C0F6 /* CertificateDetailsViewController.swift */; };
		11C2DA32228C311D0087C0F6 /* ASN1Decoder.framework in Frameworks */ = {isa = PBXBuildFile; fileRef = 11C2DA2F228C30D90087C0F6 /* ASN1Decoder.framework */; };
		11C2DA33228C311D0087C0F6 /* ASN1Decoder.framework in Embed Frameworks */ = {isa = PBXBuildFile; fileRef = 11C2DA2F228C30D90087C0F6 /* ASN1Decoder.framework */; settings = {ATTRIBUTES = (CodeSignOnCopy, RemoveHeadersOnCopy, ); }; };
		11DDCE6420D2561700CF2BB1 /* ObjectBrowserViewController.swift in Sources */ = {isa = PBXBuildFile; fileRef = 11DDCE6320D2561700CF2BB1 /* ObjectBrowserViewController.swift */; };
		11DDCE6620D257ED00CF2BB1 /* ObjectBrowserViewCell.swift in Sources */ = {isa = PBXBuildFile; fileRef = 11DDCE6520D257ED00CF2BB1 /* ObjectBrowserViewCell.swift */; };
/* End PBXBuildFile section */

/* Begin PBXContainerItemProxy section */
		1161F7C4203EAFE800B9C845 /* PBXContainerItemProxy */ = {
			isa = PBXContainerItemProxy;
			containerPortal = 1161F7A7203EAFE700B9C845 /* Project object */;
			proxyType = 1;
			remoteGlobalIDString = 1161F7AE203EAFE700B9C845;
			remoteInfo = "NetXMS Mobile Console";
		};
		1161F7CF203EAFE800B9C845 /* PBXContainerItemProxy */ = {
			isa = PBXContainerItemProxy;
			containerPortal = 1161F7A7203EAFE700B9C845 /* Project object */;
			proxyType = 1;
			remoteGlobalIDString = 1161F7AE203EAFE700B9C845;
			remoteInfo = "NetXMS Mobile Console";
		};
		11C2DA0E228977140087C0F6 /* PBXContainerItemProxy */ = {
			isa = PBXContainerItemProxy;
			containerPortal = 11C2DA09228977140087C0F6 /* Charts.xcodeproj */;
			proxyType = 2;
			remoteGlobalIDString = 65AD9E95D9ED4DC0BD73A743;
			remoteInfo = Charts;
		};
		11C2DA10228977140087C0F6 /* PBXContainerItemProxy */ = {
			isa = PBXContainerItemProxy;
			containerPortal = 11C2DA09228977140087C0F6 /* Charts.xcodeproj */;
			proxyType = 2;
			remoteGlobalIDString = 1CBBC58C6CE1EBEE9852CE41;
			remoteInfo = ChartsTests;
		};
		11C2DA142289772F0087C0F6 /* PBXContainerItemProxy */ = {
			isa = PBXContainerItemProxy;
			containerPortal = 11C2DA09228977140087C0F6 /* Charts.xcodeproj */;
			proxyType = 1;
			remoteGlobalIDString = A58A4ED274A941CA248EA921;
			remoteInfo = Charts;
		};
		11C2DA1C228977620087C0F6 /* PBXContainerItemProxy */ = {
			isa = PBXContainerItemProxy;
			containerPortal = 11C2DA16228977620087C0F6 /* SwiftKeychainWrapper.xcodeproj */;
			proxyType = 2;
			remoteGlobalIDString = 9694C2B01A66097F005B3030;
			remoteInfo = SwiftKeychainWrapper;
		};
		11C2DA1E228977620087C0F6 /* PBXContainerItemProxy */ = {
			isa = PBXContainerItemProxy;
			containerPortal = 11C2DA16228977620087C0F6 /* SwiftKeychainWrapper.xcodeproj */;
			proxyType = 2;
			remoteGlobalIDString = 9694C2BA1A66097F005B3030;
			remoteInfo = SwiftKeychainWrapperTests;
		};
		11C2DA20228977620087C0F6 /* PBXContainerItemProxy */ = {
			isa = PBXContainerItemProxy;
			containerPortal = 11C2DA16228977620087C0F6 /* SwiftKeychainWrapper.xcodeproj */;
			proxyType = 2;
			remoteGlobalIDString = 47E429C61DCCE2FD002BE498;
			remoteInfo = TestHostApp;
		};
		11C2DA242289776F0087C0F6 /* PBXContainerItemProxy */ = {
			isa = PBXContainerItemProxy;
			containerPortal = 11C2DA16228977620087C0F6 /* SwiftKeychainWrapper.xcodeproj */;
			proxyType = 1;
			remoteGlobalIDString = 9694C2AF1A66097F005B3030;
			remoteInfo = SwiftKeychainWrapper;
		};
		11C2DA2E228C30D90087C0F6 /* PBXContainerItemProxy */ = {
			isa = PBXContainerItemProxy;
			containerPortal = 11C2DA29228C30D90087C0F6 /* ASN1Decoder.xcodeproj */;
			proxyType = 2;
			remoteGlobalIDString = 412A9E381F55C6500099110C;
			remoteInfo = ASN1Decoder;
		};
		11C2DA30228C30D90087C0F6 /* PBXContainerItemProxy */ = {
			isa = PBXContainerItemProxy;
			containerPortal = 11C2DA29228C30D90087C0F6 /* ASN1Decoder.xcodeproj */;
			proxyType = 2;
			remoteGlobalIDString = 412A9E411F55C6500099110C;
			remoteInfo = ASN1DecoderTests;
		};
		11C2DA34228C311D0087C0F6 /* PBXContainerItemProxy */ = {
			isa = PBXContainerItemProxy;
			containerPortal = 11C2DA29228C30D90087C0F6 /* ASN1Decoder.xcodeproj */;
			proxyType = 1;
			remoteGlobalIDString = 412A9E371F55C6500099110C;
			remoteInfo = ASN1Decoder;
		};
/* End PBXContainerItemProxy section */

/* Begin PBXCopyFilesBuildPhase section */
		112B7FF921AEB6AE009AAD52 /* Embed Frameworks */ = {
			isa = PBXCopyFilesBuildPhase;
			buildActionMask = 2147483647;
			dstPath = "";
			dstSubfolderSpec = 10;
			files = (
				11C2DA33228C311D0087C0F6 /* ASN1Decoder.framework in Embed Frameworks */,
				11C2DA232289776F0087C0F6 /* SwiftKeychainWrapper.framework in Embed Frameworks */,
				11C2DA132289772F0087C0F6 /* Charts.framework in Embed Frameworks */,
			);
			name = "Embed Frameworks";
			runOnlyForDeploymentPostprocessing = 0;
		};
/* End PBXCopyFilesBuildPhase section */

/* Begin PBXFileReference section */
		11043451210EF075003DB91A /* Session.swift */ = {isa = PBXFileReference; lastKnownFileType = sourcecode.swift; path = Session.swift; sourceTree = "<group>"; };
		11043453210F3543003DB91A /* LastValuesCell.swift */ = {isa = PBXFileReference; lastKnownFileType = sourcecode.swift; path = LastValuesCell.swift; sourceTree = "<group>"; };
		1104347C21105D17003DB91A /* LineChartViewController.swift */ = {isa = PBXFileReference; lastKnownFileType = sourcecode.swift; path = LineChartViewController.swift; sourceTree = "<group>"; };
		1104348E211199B7003DB91A /* LargeValueFormatter.swift */ = {isa = PBXFileReference; lastKnownFileType = sourcecode.swift; path = LargeValueFormatter.swift; sourceTree = "<group>"; };
		110434A421132430003DB91A /* next.png */ = {isa = PBXFileReference; lastKnownFileType = image.png; path = next.png; sourceTree = "<group>"; };
		110434A521132430003DB91A /* container.png */ = {isa = PBXFileReference; lastKnownFileType = image.png; path = container.png; sourceTree = "<group>"; };
		110434A621132430003DB91A /* Aknowledge.png */ = {isa = PBXFileReference; lastKnownFileType = image.png; path = Aknowledge.png; sourceTree = "<group>"; };
		110434A721132430003DB91A /* terminate.png */ = {isa = PBXFileReference; lastKnownFileType = image.png; path = terminate.png; sourceTree = "<group>"; };
		110434A821132430003DB91A /* resolve.png */ = {isa = PBXFileReference; lastKnownFileType = image.png; path = resolve.png; sourceTree = "<group>"; };
		110434A921132430003DB91A /* cluster.png */ = {isa = PBXFileReference; lastKnownFileType = image.png; path = cluster.png; sourceTree = "<group>"; };
		110434AA21132430003DB91A /* Alarms.png */ = {isa = PBXFileReference; lastKnownFileType = image.png; path = Alarms.png; sourceTree = "<group>"; };
		110434AB21132430003DB91A /* node.png */ = {isa = PBXFileReference; lastKnownFileType = image.png; path = node.png; sourceTree = "<group>"; };
		110434AC21132431003DB91A /* last values.png */ = {isa = PBXFileReference; lastKnownFileType = image.png; path = "last values.png"; sourceTree = "<group>"; };
		110434AD21132431003DB91A /* objectBrowser.png */ = {isa = PBXFileReference; lastKnownFileType = image.png; path = objectBrowser.png; sourceTree = "<group>"; };
		110434B821132986003DB91A /* Alarms.svg */ = {isa = PBXFileReference; fileEncoding = 4; lastKnownFileType = text.xml; path = Alarms.svg; sourceTree = "<group>"; };
		110CE04421525086007CED7F /* ObjectToolViewCell.swift */ = {isa = PBXFileReference; lastKnownFileType = sourcecode.swift; path = ObjectToolViewCell.swift; sourceTree = "<group>"; };
		110CE048215274E8007CED7F /* ObjectTool.swift */ = {isa = PBXFileReference; lastKnownFileType = sourcecode.swift; path = ObjectTool.swift; sourceTree = "<group>"; };
		1125612C21368C9500F492AD /* PredefinedGraphsViewController.swift */ = {isa = PBXFileReference; lastKnownFileType = sourcecode.swift; path = PredefinedGraphsViewController.swift; sourceTree = "<group>"; };
		1125612E21368DE100F492AD /* GraphFolder.swift */ = {isa = PBXFileReference; lastKnownFileType = sourcecode.swift; path = GraphFolder.swift; sourceTree = "<group>"; };
		1125613021368DFB00F492AD /* GraphSettings.swift */ = {isa = PBXFileReference; lastKnownFileType = sourcecode.swift; path = GraphSettings.swift; sourceTree = "<group>"; };
		11283D60213EC20000EF4083 /* PredefinedGraphViewCell.swift */ = {isa = PBXFileReference; lastKnownFileType = sourcecode.swift; path = PredefinedGraphViewCell.swift; sourceTree = "<group>"; };
		11283D64213FC63A00EF4083 /* PredefinedGraphFolderViewCell.swift */ = {isa = PBXFileReference; lastKnownFileType = sourcecode.swift; path = PredefinedGraphFolderViewCell.swift; sourceTree = "<group>"; };
		11283D6621467C9E00EF4083 /* DciData.swift */ = {isa = PBXFileReference; lastKnownFileType = sourcecode.swift; path = DciData.swift; sourceTree = "<group>"; };
		11283D6A214A759300EF4083 /* TimestampFormatter.swift */ = {isa = PBXFileReference; lastKnownFileType = sourcecode.swift; path = TimestampFormatter.swift; sourceTree = "<group>"; };
		11283D6C214A7B1200EF4083 /* PredefinedGraphChartController.swift */ = {isa = PBXFileReference; lastKnownFileType = sourcecode.swift; path = PredefinedGraphChartController.swift; sourceTree = "<group>"; };
		112ADAA5205BB82B00FAB36D /* AbstractObject.swift */ = {isa = PBXFileReference; lastKnownFileType = sourcecode.swift; path = AbstractObject.swift; sourceTree = "<group>"; };
		112B7FED21AE98C0009AAD52 /* ObjectDetailsNoDataCell.swift */ = {isa = PBXFileReference; lastKnownFileType = sourcecode.swift; path = ObjectDetailsNoDataCell.swift; sourceTree = "<group>"; };
		1132E92A20B2B8A10009FF02 /* filter.png */ = {isa = PBXFileReference; lastKnownFileType = image.png; path = filter.png; sourceTree = "<group>"; };
		1137427520A4957600A80679 /* MainNavigationController.swift */ = {isa = PBXFileReference; lastKnownFileType = sourcecode.swift; path = MainNavigationController.swift; sourceTree = "<group>"; };
		1137427720A49C9D00A80679 /* MainViewController.swift */ = {isa = PBXFileReference; lastKnownFileType = sourcecode.swift; path = MainViewController.swift; sourceTree = "<group>"; };
		1137427D20A5926800A80679 /* AlarmDetailsViewController.swift */ = {isa = PBXFileReference; lastKnownFileType = sourcecode.swift; path = AlarmDetailsViewController.swift; sourceTree = "<group>"; };
		113F8E8B20EF54490076A79E /* Node.swift */ = {isa = PBXFileReference; lastKnownFileType = sourcecode.swift; path = Node.swift; sourceTree = "<group>"; };
		113F8E8D20EF54570076A79E /* Cluster.swift */ = {isa = PBXFileReference; lastKnownFileType = sourcecode.swift; path = Cluster.swift; sourceTree = "<group>"; };
		113F8E9120F610C60076A79E /* DciValue.swift */ = {isa = PBXFileReference; lastKnownFileType = sourcecode.swift; path = DciValue.swift; sourceTree = "<group>"; };
		1148CC41214FD9DB007005EC /* DateValueFormatter.swift */ = {isa = PBXFileReference; fileEncoding = 4; lastKnownFileType = sourcecode.swift; path = DateValueFormatter.swift; sourceTree = "<group>"; };
		1148CC452150F6FE007005EC /* LastValuesChartController.swift */ = {isa = PBXFileReference; lastKnownFileType = sourcecode.swift; path = LastValuesChartController.swift; sourceTree = "<group>"; };
		1148CC4821510C1A007005EC /* ObjectToolsViewController.swift */ = {isa = PBXFileReference; lastKnownFileType = sourcecode.swift; path = ObjectToolsViewController.swift; sourceTree = "<group>"; };
		114995AB217F02BF002F2FE6 /* ObjectToolOutputViewController.swift */ = {isa = PBXFileReference; lastKnownFileType = sourcecode.swift; path = ObjectToolOutputViewController.swift; sourceTree = "<group>"; };
		1160B6BF21B53A690078EF27 /* ObjectToolsURLOutputViewController.swift */ = {isa = PBXFileReference; lastKnownFileType = sourcecode.swift; path = ObjectToolsURLOutputViewController.swift; sourceTree = "<group>"; };
		1161F7AF203EAFE700B9C845 /* NetXMS Mobile Console.app */ = {isa = PBXFileReference; explicitFileType = wrapper.application; includeInIndex = 0; path = "NetXMS Mobile Console.app"; sourceTree = BUILT_PRODUCTS_DIR; };
		1161F7B2203EAFE700B9C845 /* AppDelegate.swift */ = {isa = PBXFileReference; lastKnownFileType = sourcecode.swift; path = AppDelegate.swift; sourceTree = "<group>"; };
		1161F7B7203EAFE700B9C845 /* Base */ = {isa = PBXFileReference; lastKnownFileType = file.storyboard; name = Base; path = Base.lproj/Main.storyboard; sourceTree = "<group>"; };
		1161F7B9203EAFE700B9C845 /* Assets.xcassets */ = {isa = PBXFileReference; lastKnownFileType = folder.assetcatalog; path = Assets.xcassets; sourceTree = "<group>"; };
		1161F7BC203EAFE700B9C845 /* Base */ = {isa = PBXFileReference; lastKnownFileType = file.storyboard; name = Base; path = Base.lproj/LaunchScreen.storyboard; sourceTree = "<group>"; };
		1161F7BE203EAFE700B9C845 /* Info.plist */ = {isa = PBXFileReference; lastKnownFileType = text.plist.xml; path = Info.plist; sourceTree = "<group>"; };
		1161F7C3203EAFE800B9C845 /* NetXMS Mobile ConsoleTests.xctest */ = {isa = PBXFileReference; explicitFileType = wrapper.cfbundle; includeInIndex = 0; path = "NetXMS Mobile ConsoleTests.xctest"; sourceTree = BUILT_PRODUCTS_DIR; };
		1161F7C7203EAFE800B9C845 /* NetXMS_Mobile_ConsoleTests.swift */ = {isa = PBXFileReference; lastKnownFileType = sourcecode.swift; path = NetXMS_Mobile_ConsoleTests.swift; sourceTree = "<group>"; };
		1161F7C9203EAFE800B9C845 /* Info.plist */ = {isa = PBXFileReference; lastKnownFileType = text.plist.xml; path = Info.plist; sourceTree = "<group>"; };
		1161F7CE203EAFE800B9C845 /* NetXMS Mobile ConsoleUITests.xctest */ = {isa = PBXFileReference; explicitFileType = wrapper.cfbundle; includeInIndex = 0; path = "NetXMS Mobile ConsoleUITests.xctest"; sourceTree = BUILT_PRODUCTS_DIR; };
		1161F7D2203EAFE800B9C845 /* NetXMS_Mobile_ConsoleUITests.swift */ = {isa = PBXFileReference; lastKnownFileType = sourcecode.swift; path = NetXMS_Mobile_ConsoleUITests.swift; sourceTree = "<group>"; };
		1161F7D4203EAFE800B9C845 /* Info.plist */ = {isa = PBXFileReference; lastKnownFileType = text.plist.xml; path = Info.plist; sourceTree = "<group>"; };
		1161F7E0203EB03E00B9C845 /* icon.png */ = {isa = PBXFileReference; lastKnownFileType = image.png; path = icon.png; sourceTree = "<group>"; };
		1161F7E2203EB03E00B9C845 /* LoginViewController.swift */ = {isa = PBXFileReference; fileEncoding = 4; lastKnownFileType = sourcecode.swift; path = LoginViewController.swift; sourceTree = "<group>"; };
		1161F7E3203EB03F00B9C845 /* Connection.swift */ = {isa = PBXFileReference; fileEncoding = 4; lastKnownFileType = sourcecode.swift; path = Connection.swift; sourceTree = "<group>"; };
		1161F7EA203EBAA400B9C845 /* about.png */ = {isa = PBXFileReference; lastKnownFileType = image.png; path = about.png; sourceTree = "<group>"; };
		1161F7EE203EFC1C00B9C845 /* AlarmBrowserViewController.swift */ = {isa = PBXFileReference; lastKnownFileType = sourcecode.swift; path = AlarmBrowserViewController.swift; sourceTree = "<group>"; };
		1161F7F0203F0B8B00B9C845 /* Alarm.swift */ = {isa = PBXFileReference; lastKnownFileType = sourcecode.swift; path = Alarm.swift; sourceTree = "<group>"; };
		116F027120F761E200056C7F /* ObjectDetailsLastValuesCell.swift */ = {isa = PBXFileReference; lastKnownFileType = sourcecode.swift; path = ObjectDetailsLastValuesCell.swift; sourceTree = "<group>"; };
		1189A8B620F754E300510DB4 /* ObjectDetailsViewController.swift */ = {isa = PBXFileReference; lastKnownFileType = sourcecode.swift; path = ObjectDetailsViewController.swift; sourceTree = "<group>"; };
		1189A8B820F7557900510DB4 /* ObjectDetailsAlarmCell.swift */ = {isa = PBXFileReference; lastKnownFileType = sourcecode.swift; path = ObjectDetailsAlarmCell.swift; sourceTree = "<group>"; };
		1192CCB9223FEC3800FB1DE1 /* ObjectToolFolderViewCell.swift */ = {isa = PBXFileReference; lastKnownFileType = sourcecode.swift; path = ObjectToolFolderViewCell.swift; sourceTree = "<group>"; };
		11B2F5442248D7EA00E3C3EB /* SessionNotification.swift */ = {isa = PBXFileReference; lastKnownFileType = sourcecode.swift; path = SessionNotification.swift; sourceTree = "<group>"; };
		11B6799421088509005C8C4B /* Severity.swift */ = {isa = PBXFileReference; lastKnownFileType = sourcecode.swift; path = Severity.swift; sourceTree = "<group>"; };
		11B67997210B269E005C8C4B /* LastValuesViewController.swift */ = {isa = PBXFileReference; lastKnownFileType = sourcecode.swift; path = LastValuesViewController.swift; sourceTree = "<group>"; };
		11C1B8C120456F87005B2B6D /* AlarmBrowserViewCell.swift */ = {isa = PBXFileReference; lastKnownFileType = sourcecode.swift; path = AlarmBrowserViewCell.swift; sourceTree = "<group>"; };
		11C1B8C3204570A1005B2B6D /* status_normal.png */ = {isa = PBXFileReference; lastKnownFileType = image.png; path = status_normal.png; sourceTree = "<group>"; };
		11C1B8C4204570A1005B2B6D /* warning.png */ = {isa = PBXFileReference; lastKnownFileType = image.png; path = warning.png; sourceTree = "<group>"; };
		11C1B8C5204570A1005B2B6D /* critical.png */ = {isa = PBXFileReference; lastKnownFileType = image.png; path = critical.png; sourceTree = "<group>"; };
		11C1B8C6204570A1005B2B6D /* major.png */ = {isa = PBXFileReference; lastKnownFileType = image.png; path = major.png; sourceTree = "<group>"; };
		11C1B8C7204570A1005B2B6D /* minor.png */ = {isa = PBXFileReference; lastKnownFileType = image.png; path = minor.png; sourceTree = "<group>"; };
		11C2DA09228977140087C0F6 /* Charts.xcodeproj */ = {isa = PBXFileReference; lastKnownFileType = "wrapper.pb-project"; name = Charts.xcodeproj; path = "Charts-3.3.0/Charts.xcodeproj"; sourceTree = "<group>"; };
		11C2DA16228977620087C0F6 /* SwiftKeychainWrapper.xcodeproj */ = {isa = PBXFileReference; lastKnownFileType = "wrapper.pb-project"; name = SwiftKeychainWrapper.xcodeproj; path = "SwiftKeychainWrapper-3.3.0/SwiftKeychainWrapper.xcodeproj"; sourceTree = "<group>"; };
		11C2DA27228C290F0087C0F6 /* CertificateDetailsViewController.swift */ = {isa = PBXFileReference; lastKnownFileType = sourcecode.swift; path = CertificateDetailsViewController.swift; sourceTree = "<group>"; };
		11C2DA29228C30D90087C0F6 /* ASN1Decoder.xcodeproj */ = {isa = PBXFileReference; lastKnownFileType = "wrapper.pb-project"; name = ASN1Decoder.xcodeproj; path = "ASN1Decoder-1.3/ASN1Decoder.xcodeproj"; sourceTree = "<group>"; };
		11DDCE6320D2561700CF2BB1 /* ObjectBrowserViewController.swift */ = {isa = PBXFileReference; lastKnownFileType = sourcecode.swift; path = ObjectBrowserViewController.swift; sourceTree = "<group>"; };
		11DDCE6520D257ED00CF2BB1 /* ObjectBrowserViewCell.swift */ = {isa = PBXFileReference; lastKnownFileType = sourcecode.swift; path = ObjectBrowserViewCell.swift; sourceTree = "<group>"; };
/* End PBXFileReference section */

/* Begin PBXFrameworksBuildPhase section */
		1161F7AC203EAFE700B9C845 /* Frameworks */ = {
			isa = PBXFrameworksBuildPhase;
			buildActionMask = 2147483647;
			files = (
				11C2DA32228C311D0087C0F6 /* ASN1Decoder.framework in Frameworks */,
				11C2DA222289776F0087C0F6 /* SwiftKeychainWrapper.framework in Frameworks */,
				11C2DA122289772F0087C0F6 /* Charts.framework in Frameworks */,
			);
			runOnlyForDeploymentPostprocessing = 0;
		};
		1161F7C0203EAFE800B9C845 /* Frameworks */ = {
			isa = PBXFrameworksBuildPhase;
			buildActionMask = 2147483647;
			files = (
			);
			runOnlyForDeploymentPostprocessing = 0;
		};
		1161F7CB203EAFE800B9C845 /* Frameworks */ = {
			isa = PBXFrameworksBuildPhase;
			buildActionMask = 2147483647;
			files = (
			);
			runOnlyForDeploymentPostprocessing = 0;
		};
/* End PBXFrameworksBuildPhase section */

/* Begin PBXGroup section */
		1104347921105A94003DB91A /* Charts */ = {
			isa = PBXGroup;
			children = (
				1104348921119975003DB91A /* Formatters */,
				1104347C21105D17003DB91A /* LineChartViewController.swift */,
			);
			path = Charts;
			sourceTree = "<group>";
		};
		1104348921119975003DB91A /* Formatters */ = {
			isa = PBXGroup;
			children = (
				1104348E211199B7003DB91A /* LargeValueFormatter.swift */,
				11283D6A214A759300EF4083 /* TimestampFormatter.swift */,
				1148CC41214FD9DB007005EC /* DateValueFormatter.swift */,
			);
			path = Formatters;
			sourceTree = "<group>";
		};
		1125612921368C7300F492AD /* PredefinedGraphs */ = {
			isa = PBXGroup;
			children = (
				1125612C21368C9500F492AD /* PredefinedGraphsViewController.swift */,
				11283D60213EC20000EF4083 /* PredefinedGraphViewCell.swift */,
				11283D64213FC63A00EF4083 /* PredefinedGraphFolderViewCell.swift */,
				11283D6C214A7B1200EF4083 /* PredefinedGraphChartController.swift */,
			);
			path = PredefinedGraphs;
			sourceTree = "<group>";
		};
		1125614A213D2C9B00F492AD /* Frameworks */ = {
			isa = PBXGroup;
			children = (
			);
			name = Frameworks;
			sourceTree = "<group>";
		};
		1137427920A591C500A80679 /* Images */ = {
			isa = PBXGroup;
			children = (
				110434B821132986003DB91A /* Alarms.svg */,
				110434A621132430003DB91A /* Aknowledge.png */,
				110434AA21132430003DB91A /* Alarms.png */,
				110434A921132430003DB91A /* cluster.png */,
				110434A521132430003DB91A /* container.png */,
				110434AC21132431003DB91A /* last values.png */,
				110434A421132430003DB91A /* next.png */,
				110434AB21132430003DB91A /* node.png */,
				110434AD21132431003DB91A /* objectBrowser.png */,
				110434A821132430003DB91A /* resolve.png */,
				110434A721132430003DB91A /* terminate.png */,
				1132E92A20B2B8A10009FF02 /* filter.png */,
				11C1B8C5204570A1005B2B6D /* critical.png */,
				11C1B8C6204570A1005B2B6D /* major.png */,
				11C1B8C7204570A1005B2B6D /* minor.png */,
				11C1B8C3204570A1005B2B6D /* status_normal.png */,
				11C1B8C4204570A1005B2B6D /* warning.png */,
				1161F7EA203EBAA400B9C845 /* about.png */,
				1161F7E0203EB03E00B9C845 /* icon.png */,
			);
			path = Images;
			sourceTree = "<group>";
		};
		1137427B20A5920C00A80679 /* AlarmBrowser */ = {
			isa = PBXGroup;
			children = (
				1161F7EE203EFC1C00B9C845 /* AlarmBrowserViewController.swift */,
				11C1B8C120456F87005B2B6D /* AlarmBrowserViewCell.swift */,
				1137427D20A5926800A80679 /* AlarmDetailsViewController.swift */,
			);
			path = AlarmBrowser;
			sourceTree = "<group>";
		};
		1137427C20A5922A00A80679 /* MainView */ = {
			isa = PBXGroup;
			children = (
				1137427520A4957600A80679 /* MainNavigationController.swift */,
				1137427720A49C9D00A80679 /* MainViewController.swift */,
			);
			path = MainView;
			sourceTree = "<group>";
		};
		113F8E8A20EF54240076A79E /* Objects */ = {
			isa = PBXGroup;
			children = (
				11B6799421088509005C8C4B /* Severity.swift */,
				112ADAA5205BB82B00FAB36D /* AbstractObject.swift */,
				1161F7F0203F0B8B00B9C845 /* Alarm.swift */,
				113F8E8B20EF54490076A79E /* Node.swift */,
				113F8E8D20EF54570076A79E /* Cluster.swift */,
				113F8E9120F610C60076A79E /* DciValue.swift */,
				11043451210EF075003DB91A /* Session.swift */,
				1125612E21368DE100F492AD /* GraphFolder.swift */,
				1125613021368DFB00F492AD /* GraphSettings.swift */,
				11283D6621467C9E00EF4083 /* DciData.swift */,
				110CE048215274E8007CED7F /* ObjectTool.swift */,
				11B2F5442248D7EA00E3C3EB /* SessionNotification.swift */,
			);
			path = Objects;
			sourceTree = "<group>";
		};
		1161F7A6203EAFE700B9C845 = {
			isa = PBXGroup;
			children = (
				11C2DA29228C30D90087C0F6 /* ASN1Decoder.xcodeproj */,
				11C2DA16228977620087C0F6 /* SwiftKeychainWrapper.xcodeproj */,
				11C2DA09228977140087C0F6 /* Charts.xcodeproj */,
				1161F7B1203EAFE700B9C845 /* NetXMS Mobile Console */,
				1161F7C6203EAFE800B9C845 /* NetXMS Mobile ConsoleTests */,
				1161F7D1203EAFE800B9C845 /* NetXMS Mobile ConsoleUITests */,
				1161F7B0203EAFE700B9C845 /* Products */,
				1125614A213D2C9B00F492AD /* Frameworks */,
			);
			sourceTree = "<group>";
		};
		1161F7B0203EAFE700B9C845 /* Products */ = {
			isa = PBXGroup;
			children = (
				1161F7AF203EAFE700B9C845 /* NetXMS Mobile Console.app */,
				1161F7C3203EAFE800B9C845 /* NetXMS Mobile ConsoleTests.xctest */,
				1161F7CE203EAFE800B9C845 /* NetXMS Mobile ConsoleUITests.xctest */,
			);
			name = Products;
			sourceTree = "<group>";
		};
		1161F7B1203EAFE700B9C845 /* NetXMS Mobile Console */ = {
			isa = PBXGroup;
			children = (
				11C2DA26228C28EB0087C0F6 /* LoginView */,
				1125612921368C7300F492AD /* PredefinedGraphs */,
				1104347921105A94003DB91A /* Charts */,
				11B67996210B2678005C8C4B /* LastValues */,
				113F8E8A20EF54240076A79E /* Objects */,
				11AF174320CFEFCC005607FD /* ObjectBrowser */,
				1161F7E3203EB03F00B9C845 /* Connection.swift */,
				1137427920A591C500A80679 /* Images */,
				1161F7B2203EAFE700B9C845 /* AppDelegate.swift */,
				1161F7B6203EAFE700B9C845 /* Main.storyboard */,
				1161F7B9203EAFE700B9C845 /* Assets.xcassets */,
				1161F7BB203EAFE700B9C845 /* LaunchScreen.storyboard */,
				1161F7BE203EAFE700B9C845 /* Info.plist */,
				1137427B20A5920C00A80679 /* AlarmBrowser */,
				1137427C20A5922A00A80679 /* MainView */,
			);
			path = "NetXMS Mobile Console";
			sourceTree = "<group>";
		};
		1161F7C6203EAFE800B9C845 /* NetXMS Mobile ConsoleTests */ = {
			isa = PBXGroup;
			children = (
				1161F7C7203EAFE800B9C845 /* NetXMS_Mobile_ConsoleTests.swift */,
				1161F7C9203EAFE800B9C845 /* Info.plist */,
			);
			path = "NetXMS Mobile ConsoleTests";
			sourceTree = "<group>";
		};
		1161F7D1203EAFE800B9C845 /* NetXMS Mobile ConsoleUITests */ = {
			isa = PBXGroup;
			children = (
				1161F7D2203EAFE800B9C845 /* NetXMS_Mobile_ConsoleUITests.swift */,
				1161F7D4203EAFE800B9C845 /* Info.plist */,
			);
			path = "NetXMS Mobile ConsoleUITests";
			sourceTree = "<group>";
		};
		11AF174320CFEFCC005607FD /* ObjectBrowser */ = {
			isa = PBXGroup;
			children = (
				11DDCE6320D2561700CF2BB1 /* ObjectBrowserViewController.swift */,
				11DDCE6520D257ED00CF2BB1 /* ObjectBrowserViewCell.swift */,
				1189A8B620F754E300510DB4 /* ObjectDetailsViewController.swift */,
				1189A8B820F7557900510DB4 /* ObjectDetailsAlarmCell.swift */,
				116F027120F761E200056C7F /* ObjectDetailsLastValuesCell.swift */,
				1148CC4821510C1A007005EC /* ObjectToolsViewController.swift */,
				110CE04421525086007CED7F /* ObjectToolViewCell.swift */,
				1192CCB9223FEC3800FB1DE1 /* ObjectToolFolderViewCell.swift */,
				114995AB217F02BF002F2FE6 /* ObjectToolOutputViewController.swift */,
				112B7FED21AE98C0009AAD52 /* ObjectDetailsNoDataCell.swift */,
				1160B6BF21B53A690078EF27 /* ObjectToolsURLOutputViewController.swift */,
			);
			path = ObjectBrowser;
			sourceTree = "<group>";
		};
		11B67996210B2678005C8C4B /* LastValues */ = {
			isa = PBXGroup;
			children = (
				11B67997210B269E005C8C4B /* LastValuesViewController.swift */,
				11043453210F3543003DB91A /* LastValuesCell.swift */,
				1148CC452150F6FE007005EC /* LastValuesChartController.swift */,
			);
			path = LastValues;
			sourceTree = "<group>";
		};
		11C2DA0A228977140087C0F6 /* Products */ = {
			isa = PBXGroup;
			children = (
				11C2DA0F228977140087C0F6 /* Charts.framework */,
				11C2DA11228977140087C0F6 /* ChartsTests.xctest */,
			);
			name = Products;
			sourceTree = "<group>";
		};
		11C2DA17228977620087C0F6 /* Products */ = {
			isa = PBXGroup;
			children = (
				11C2DA1D228977620087C0F6 /* SwiftKeychainWrapper.framework */,
				11C2DA1F228977620087C0F6 /* SwiftKeychainWrapperTests.xctest */,
				11C2DA21228977620087C0F6 /* TestHostApp.app */,
			);
			name = Products;
			sourceTree = "<group>";
		};
		11C2DA26228C28EB0087C0F6 /* LoginView */ = {
			isa = PBXGroup;
			children = (
				1161F7E2203EB03E00B9C845 /* LoginViewController.swift */,
				11C2DA27228C290F0087C0F6 /* CertificateDetailsViewController.swift */,
			);
			path = LoginView;
			sourceTree = "<group>";
		};
		11C2DA2A228C30D90087C0F6 /* Products */ = {
			isa = PBXGroup;
			children = (
				11C2DA2F228C30D90087C0F6 /* ASN1Decoder.framework */,
				11C2DA31228C30D90087C0F6 /* ASN1DecoderTests.xctest */,
			);
			name = Products;
			sourceTree = "<group>";
		};
/* End PBXGroup section */

/* Begin PBXNativeTarget section */
		1161F7AE203EAFE700B9C845 /* NetXMS Mobile Console */ = {
			isa = PBXNativeTarget;
			buildConfigurationList = 1161F7D7203EAFE800B9C845 /* Build configuration list for PBXNativeTarget "NetXMS Mobile Console" */;
			buildPhases = (
				1161F7AB203EAFE700B9C845 /* Sources */,
				1161F7AC203EAFE700B9C845 /* Frameworks */,
				1161F7AD203EAFE700B9C845 /* Resources */,
				112B7FF921AEB6AE009AAD52 /* Embed Frameworks */,
			);
			buildRules = (
			);
			dependencies = (
				11C2DA152289772F0087C0F6 /* PBXTargetDependency */,
				11C2DA252289776F0087C0F6 /* PBXTargetDependency */,
				11C2DA35228C311D0087C0F6 /* PBXTargetDependency */,
			);
			name = "NetXMS Mobile Console";
			productName = "NetXMS Mobile Console";
			productReference = 1161F7AF203EAFE700B9C845 /* NetXMS Mobile Console.app */;
			productType = "com.apple.product-type.application";
		};
		1161F7C2203EAFE800B9C845 /* NetXMS Mobile ConsoleTests */ = {
			isa = PBXNativeTarget;
			buildConfigurationList = 1161F7DA203EAFE800B9C845 /* Build configuration list for PBXNativeTarget "NetXMS Mobile ConsoleTests" */;
			buildPhases = (
				1161F7BF203EAFE800B9C845 /* Sources */,
				1161F7C0203EAFE800B9C845 /* Frameworks */,
				1161F7C1203EAFE800B9C845 /* Resources */,
			);
			buildRules = (
			);
			dependencies = (
				1161F7C5203EAFE800B9C845 /* PBXTargetDependency */,
			);
			name = "NetXMS Mobile ConsoleTests";
			productName = "NetXMS Mobile ConsoleTests";
			productReference = 1161F7C3203EAFE800B9C845 /* NetXMS Mobile ConsoleTests.xctest */;
			productType = "com.apple.product-type.bundle.unit-test";
		};
		1161F7CD203EAFE800B9C845 /* NetXMS Mobile ConsoleUITests */ = {
			isa = PBXNativeTarget;
			buildConfigurationList = 1161F7DD203EAFE800B9C845 /* Build configuration list for PBXNativeTarget "NetXMS Mobile ConsoleUITests" */;
			buildPhases = (
				1161F7CA203EAFE800B9C845 /* Sources */,
				1161F7CB203EAFE800B9C845 /* Frameworks */,
				1161F7CC203EAFE800B9C845 /* Resources */,
			);
			buildRules = (
			);
			dependencies = (
				1161F7D0203EAFE800B9C845 /* PBXTargetDependency */,
			);
			name = "NetXMS Mobile ConsoleUITests";
			productName = "NetXMS Mobile ConsoleUITests";
			productReference = 1161F7CE203EAFE800B9C845 /* NetXMS Mobile ConsoleUITests.xctest */;
			productType = "com.apple.product-type.bundle.ui-testing";
		};
/* End PBXNativeTarget section */

/* Begin PBXProject section */
		1161F7A7203EAFE700B9C845 /* Project object */ = {
			isa = PBXProject;
			attributes = {
				LastSwiftUpdateCheck = 0920;
				LastUpgradeCheck = 1020;
				ORGANIZATIONNAME = "Raden Solutions";
				TargetAttributes = {
					1161F7AE203EAFE700B9C845 = {
						CreatedOnToolsVersion = 9.2;
						ProvisioningStyle = Automatic;
					};
					1161F7C2203EAFE800B9C845 = {
						CreatedOnToolsVersion = 9.2;
						ProvisioningStyle = Automatic;
						TestTargetID = 1161F7AE203EAFE700B9C845;
					};
					1161F7CD203EAFE800B9C845 = {
						CreatedOnToolsVersion = 9.2;
						ProvisioningStyle = Automatic;
						TestTargetID = 1161F7AE203EAFE700B9C845;
					};
				};
			};
			buildConfigurationList = 1161F7AA203EAFE700B9C845 /* Build configuration list for PBXProject "NetXMS Mobile Console" */;
			compatibilityVersion = "Xcode 8.0";
			developmentRegion = en;
			hasScannedForEncodings = 0;
			knownRegions = (
				en,
				Base,
			);
			mainGroup = 1161F7A6203EAFE700B9C845;
			productRefGroup = 1161F7B0203EAFE700B9C845 /* Products */;
			projectDirPath = "";
			projectReferences = (
				{
					ProductGroup = 11C2DA2A228C30D90087C0F6 /* Products */;
					ProjectRef = 11C2DA29228C30D90087C0F6 /* ASN1Decoder.xcodeproj */;
				},
				{
					ProductGroup = 11C2DA0A228977140087C0F6 /* Products */;
					ProjectRef = 11C2DA09228977140087C0F6 /* Charts.xcodeproj */;
				},
				{
					ProductGroup = 11C2DA17228977620087C0F6 /* Products */;
					ProjectRef = 11C2DA16228977620087C0F6 /* SwiftKeychainWrapper.xcodeproj */;
				},
			);
			projectRoot = "";
			targets = (
				1161F7AE203EAFE700B9C845 /* NetXMS Mobile Console */,
				1161F7C2203EAFE800B9C845 /* NetXMS Mobile ConsoleTests */,
				1161F7CD203EAFE800B9C845 /* NetXMS Mobile ConsoleUITests */,
			);
		};
/* End PBXProject section */

/* Begin PBXReferenceProxy section */
		11C2DA0F228977140087C0F6 /* Charts.framework */ = {
			isa = PBXReferenceProxy;
			fileType = wrapper.framework;
			path = Charts.framework;
			remoteRef = 11C2DA0E228977140087C0F6 /* PBXContainerItemProxy */;
			sourceTree = BUILT_PRODUCTS_DIR;
		};
		11C2DA11228977140087C0F6 /* ChartsTests.xctest */ = {
			isa = PBXReferenceProxy;
			fileType = wrapper.cfbundle;
			path = ChartsTests.xctest;
			remoteRef = 11C2DA10228977140087C0F6 /* PBXContainerItemProxy */;
			sourceTree = BUILT_PRODUCTS_DIR;
		};
		11C2DA1D228977620087C0F6 /* SwiftKeychainWrapper.framework */ = {
			isa = PBXReferenceProxy;
			fileType = wrapper.framework;
			path = SwiftKeychainWrapper.framework;
			remoteRef = 11C2DA1C228977620087C0F6 /* PBXContainerItemProxy */;
			sourceTree = BUILT_PRODUCTS_DIR;
		};
		11C2DA1F228977620087C0F6 /* SwiftKeychainWrapperTests.xctest */ = {
			isa = PBXReferenceProxy;
			fileType = wrapper.cfbundle;
			path = SwiftKeychainWrapperTests.xctest;
			remoteRef = 11C2DA1E228977620087C0F6 /* PBXContainerItemProxy */;
			sourceTree = BUILT_PRODUCTS_DIR;
		};
		11C2DA21228977620087C0F6 /* TestHostApp.app */ = {
			isa = PBXReferenceProxy;
			fileType = wrapper.application;
			path = TestHostApp.app;
			remoteRef = 11C2DA20228977620087C0F6 /* PBXContainerItemProxy */;
			sourceTree = BUILT_PRODUCTS_DIR;
		};
		11C2DA2F228C30D90087C0F6 /* ASN1Decoder.framework */ = {
			isa = PBXReferenceProxy;
			fileType = wrapper.framework;
			path = ASN1Decoder.framework;
			remoteRef = 11C2DA2E228C30D90087C0F6 /* PBXContainerItemProxy */;
			sourceTree = BUILT_PRODUCTS_DIR;
		};
		11C2DA31228C30D90087C0F6 /* ASN1DecoderTests.xctest */ = {
			isa = PBXReferenceProxy;
			fileType = wrapper.cfbundle;
			path = ASN1DecoderTests.xctest;
			remoteRef = 11C2DA30228C30D90087C0F6 /* PBXContainerItemProxy */;
			sourceTree = BUILT_PRODUCTS_DIR;
		};
/* End PBXReferenceProxy section */

/* Begin PBXResourcesBuildPhase section */
		1161F7AD203EAFE700B9C845 /* Resources */ = {
			isa = PBXResourcesBuildPhase;
			buildActionMask = 2147483647;
			files = (
				11C1B8CB204570A1005B2B6D /* major.png in Resources */,
				1161F7EB203EBAA400B9C845 /* about.png in Resources */,
				110434AE21132431003DB91A /* next.png in Resources */,
				110434AF21132431003DB91A /* container.png in Resources */,
				110434B021132431003DB91A /* Aknowledge.png in Resources */,
				1161F7E5203EB03F00B9C845 /* icon.png in Resources */,
				110434B321132431003DB91A /* cluster.png in Resources */,
				11C1B8CA204570A1005B2B6D /* critical.png in Resources */,
				1161F7BD203EAFE700B9C845 /* LaunchScreen.storyboard in Resources */,
				11C1B8CC204570A1005B2B6D /* minor.png in Resources */,
				110434B621132431003DB91A /* last values.png in Resources */,
				110434B121132431003DB91A /* terminate.png in Resources */,
				110434B921132987003DB91A /* Alarms.svg in Resources */,
				1161F7BA203EAFE700B9C845 /* Assets.xcassets in Resources */,
				110434B521132431003DB91A /* node.png in Resources */,
				11C1B8C8204570A1005B2B6D /* status_normal.png in Resources */,
				110434B421132431003DB91A /* Alarms.png in Resources */,
				110434B721132431003DB91A /* objectBrowser.png in Resources */,
				11C1B8C9204570A1005B2B6D /* warning.png in Resources */,
				1161F7B8203EAFE700B9C845 /* Main.storyboard in Resources */,
				110434B221132431003DB91A /* resolve.png in Resources */,
				1132E92B20B2B8A10009FF02 /* filter.png in Resources */,
			);
			runOnlyForDeploymentPostprocessing = 0;
		};
		1161F7C1203EAFE800B9C845 /* Resources */ = {
			isa = PBXResourcesBuildPhase;
			buildActionMask = 2147483647;
			files = (
			);
			runOnlyForDeploymentPostprocessing = 0;
		};
		1161F7CC203EAFE800B9C845 /* Resources */ = {
			isa = PBXResourcesBuildPhase;
			buildActionMask = 2147483647;
			files = (
			);
			runOnlyForDeploymentPostprocessing = 0;
		};
/* End PBXResourcesBuildPhase section */

/* Begin PBXSourcesBuildPhase section */
		1161F7AB203EAFE700B9C845 /* Sources */ = {
			isa = PBXSourcesBuildPhase;
			buildActionMask = 2147483647;
			files = (
				1160B6C021B53A690078EF27 /* ObjectToolsURLOutputViewController.swift in Sources */,
				1137427620A4957600A80679 /* MainNavigationController.swift in Sources */,
				1137427820A49C9D00A80679 /* MainViewController.swift in Sources */,
				1137427E20A5926800A80679 /* AlarmDetailsViewController.swift in Sources */,
				1104347D21105D17003DB91A /* LineChartViewController.swift in Sources */,
				1161F7EF203EFC1C00B9C845 /* AlarmBrowserViewController.swift in Sources */,
				11DDCE6620D257ED00CF2BB1 /* ObjectBrowserViewCell.swift in Sources */,
				110CE04521525086007CED7F /* ObjectToolViewCell.swift in Sources */,
				11DDCE6420D2561700CF2BB1 /* ObjectBrowserViewController.swift in Sources */,
				112B7FEE21AE98C0009AAD52 /* ObjectDetailsNoDataCell.swift in Sources */,
				11C1B8C220456F87005B2B6D /* AlarmBrowserViewCell.swift in Sources */,
				11B6799521088509005C8C4B /* Severity.swift in Sources */,
				1161F7E7203EB03F00B9C845 /* LoginViewController.swift in Sources */,
				112ADAA6205BB82B00FAB36D /* AbstractObject.swift in Sources */,
				1148CC44214FD9DB007005EC /* DateValueFormatter.swift in Sources */,
				110CE049215274E8007CED7F /* ObjectTool.swift in Sources */,
				113F8E9220F610C60076A79E /* DciValue.swift in Sources */,
				1148CC462150F6FE007005EC /* LastValuesChartController.swift in Sources */,
				11283D61213EC20000EF4083 /* PredefinedGraphViewCell.swift in Sources */,
				113F8E8C20EF54490076A79E /* Node.swift in Sources */,
				113F8E8E20EF54570076A79E /* Cluster.swift in Sources */,
				11B2F5452248D7EA00E3C3EB /* SessionNotification.swift in Sources */,
				1161F7E8203EB03F00B9C845 /* Connection.swift in Sources */,
				11283D6721467C9E00EF4083 /* DciData.swift in Sources */,
				11C2DA28228C290F0087C0F6 /* CertificateDetailsViewController.swift in Sources */,
				11B67998210B269E005C8C4B /* LastValuesViewController.swift in Sources */,
				1161F7B3203EAFE700B9C845 /* AppDelegate.swift in Sources */,
				11043454210F3543003DB91A /* LastValuesCell.swift in Sources */,
				11283D6B214A759300EF4083 /* TimestampFormatter.swift in Sources */,
				1192CCBA223FEC3800FB1DE1 /* ObjectToolFolderViewCell.swift in Sources */,
				11283D6D214A7B1200EF4083 /* PredefinedGraphChartController.swift in Sources */,
				1104348F211199B7003DB91A /* LargeValueFormatter.swift in Sources */,
				1125612D21368C9500F492AD /* PredefinedGraphsViewController.swift in Sources */,
				1189A8B720F754E300510DB4 /* ObjectDetailsViewController.swift in Sources */,
				116F027220F761E200056C7F /* ObjectDetailsLastValuesCell.swift in Sources */,
				11043452210EF075003DB91A /* Session.swift in Sources */,
				114995AC217F02BF002F2FE6 /* ObjectToolOutputViewController.swift in Sources */,
				1189A8B920F7557900510DB4 /* ObjectDetailsAlarmCell.swift in Sources */,
				1148CC4921510C1A007005EC /* ObjectToolsViewController.swift in Sources */,
				1161F7F1203F0B8B00B9C845 /* Alarm.swift in Sources */,
				11283D65213FC63A00EF4083 /* PredefinedGraphFolderViewCell.swift in Sources */,
				1125613121368DFB00F492AD /* GraphSettings.swift in Sources */,
				1125612F21368DE100F492AD /* GraphFolder.swift in Sources */,
			);
			runOnlyForDeploymentPostprocessing = 0;
		};
		1161F7BF203EAFE800B9C845 /* Sources */ = {
			isa = PBXSourcesBuildPhase;
			buildActionMask = 2147483647;
			files = (
				1161F7C8203EAFE800B9C845 /* NetXMS_Mobile_ConsoleTests.swift in Sources */,
			);
			runOnlyForDeploymentPostprocessing = 0;
		};
		1161F7CA203EAFE800B9C845 /* Sources */ = {
			isa = PBXSourcesBuildPhase;
			buildActionMask = 2147483647;
			files = (
				1161F7D3203EAFE800B9C845 /* NetXMS_Mobile_ConsoleUITests.swift in Sources */,
			);
			runOnlyForDeploymentPostprocessing = 0;
		};
/* End PBXSourcesBuildPhase section */

/* Begin PBXTargetDependency section */
		1161F7C5203EAFE800B9C845 /* PBXTargetDependency */ = {
			isa = PBXTargetDependency;
			target = 1161F7AE203EAFE700B9C845 /* NetXMS Mobile Console */;
			targetProxy = 1161F7C4203EAFE800B9C845 /* PBXContainerItemProxy */;
		};
		1161F7D0203EAFE800B9C845 /* PBXTargetDependency */ = {
			isa = PBXTargetDependency;
			target = 1161F7AE203EAFE700B9C845 /* NetXMS Mobile Console */;
			targetProxy = 1161F7CF203EAFE800B9C845 /* PBXContainerItemProxy */;
		};
		11C2DA152289772F0087C0F6 /* PBXTargetDependency */ = {
			isa = PBXTargetDependency;
			name = Charts;
			targetProxy = 11C2DA142289772F0087C0F6 /* PBXContainerItemProxy */;
		};
		11C2DA252289776F0087C0F6 /* PBXTargetDependency */ = {
			isa = PBXTargetDependency;
			name = SwiftKeychainWrapper;
			targetProxy = 11C2DA242289776F0087C0F6 /* PBXContainerItemProxy */;
		};
		11C2DA35228C311D0087C0F6 /* PBXTargetDependency */ = {
			isa = PBXTargetDependency;
			name = ASN1Decoder;
			targetProxy = 11C2DA34228C311D0087C0F6 /* PBXContainerItemProxy */;
		};
/* End PBXTargetDependency section */

/* Begin PBXVariantGroup section */
		1161F7B6203EAFE700B9C845 /* Main.storyboard */ = {
			isa = PBXVariantGroup;
			children = (
				1161F7B7203EAFE700B9C845 /* Base */,
			);
			name = Main.storyboard;
			sourceTree = "<group>";
		};
		1161F7BB203EAFE700B9C845 /* LaunchScreen.storyboard */ = {
			isa = PBXVariantGroup;
			children = (
				1161F7BC203EAFE700B9C845 /* Base */,
			);
			name = LaunchScreen.storyboard;
			sourceTree = "<group>";
		};
/* End PBXVariantGroup section */

/* Begin XCBuildConfiguration section */
		1161F7D5203EAFE800B9C845 /* Debug */ = {
			isa = XCBuildConfiguration;
			buildSettings = {
				ALWAYS_SEARCH_USER_PATHS = NO;
				CLANG_ANALYZER_NONNULL = YES;
				CLANG_ANALYZER_NUMBER_OBJECT_CONVERSION = YES_AGGRESSIVE;
				CLANG_CXX_LANGUAGE_STANDARD = "gnu++14";
				CLANG_CXX_LIBRARY = "libc++";
				CLANG_ENABLE_MODULES = YES;
				CLANG_ENABLE_OBJC_ARC = YES;
				CLANG_WARN_BLOCK_CAPTURE_AUTORELEASING = YES;
				CLANG_WARN_BOOL_CONVERSION = YES;
				CLANG_WARN_COMMA = YES;
				CLANG_WARN_CONSTANT_CONVERSION = YES;
				CLANG_WARN_DEPRECATED_OBJC_IMPLEMENTATIONS = YES;
				CLANG_WARN_DIRECT_OBJC_ISA_USAGE = YES_ERROR;
				CLANG_WARN_DOCUMENTATION_COMMENTS = YES;
				CLANG_WARN_EMPTY_BODY = YES;
				CLANG_WARN_ENUM_CONVERSION = YES;
				CLANG_WARN_INFINITE_RECURSION = YES;
				CLANG_WARN_INT_CONVERSION = YES;
				CLANG_WARN_NON_LITERAL_NULL_CONVERSION = YES;
				CLANG_WARN_OBJC_IMPLICIT_RETAIN_SELF = YES;
				CLANG_WARN_OBJC_LITERAL_CONVERSION = YES;
				CLANG_WARN_OBJC_ROOT_CLASS = YES_ERROR;
				CLANG_WARN_RANGE_LOOP_ANALYSIS = YES;
				CLANG_WARN_STRICT_PROTOTYPES = YES;
				CLANG_WARN_SUSPICIOUS_MOVE = YES;
				CLANG_WARN_UNGUARDED_AVAILABILITY = YES_AGGRESSIVE;
				CLANG_WARN_UNREACHABLE_CODE = YES;
				CLANG_WARN__DUPLICATE_METHOD_MATCH = YES;
				CODE_SIGN_IDENTITY = "iPhone Developer";
				COPY_PHASE_STRIP = NO;
				DEBUG_INFORMATION_FORMAT = dwarf;
				ENABLE_STRICT_OBJC_MSGSEND = YES;
				ENABLE_TESTABILITY = YES;
				GCC_C_LANGUAGE_STANDARD = gnu11;
				GCC_DYNAMIC_NO_PIC = NO;
				GCC_NO_COMMON_BLOCKS = YES;
				GCC_OPTIMIZATION_LEVEL = 0;
				GCC_PREPROCESSOR_DEFINITIONS = (
					"DEBUG=1",
					"$(inherited)",
				);
				GCC_WARN_64_TO_32_BIT_CONVERSION = YES;
				GCC_WARN_ABOUT_RETURN_TYPE = YES_ERROR;
				GCC_WARN_UNDECLARED_SELECTOR = YES;
				GCC_WARN_UNINITIALIZED_AUTOS = YES_AGGRESSIVE;
				GCC_WARN_UNUSED_FUNCTION = YES;
				GCC_WARN_UNUSED_VARIABLE = YES;
				IPHONEOS_DEPLOYMENT_TARGET = 12.2;
				MTL_ENABLE_DEBUG_INFO = YES;
				ONLY_ACTIVE_ARCH = YES;
				SDKROOT = iphoneos;
				SWIFT_ACTIVE_COMPILATION_CONDITIONS = DEBUG;
				SWIFT_OPTIMIZATION_LEVEL = "-Onone";
				SWIFT_VERSION = 5.0;
				TARGETED_DEVICE_FAMILY = "1,2";
			};
			name = Debug;
		};
		1161F7D6203EAFE800B9C845 /* Release */ = {
			isa = XCBuildConfiguration;
			buildSettings = {
				ALWAYS_SEARCH_USER_PATHS = NO;
				CLANG_ANALYZER_NONNULL = YES;
				CLANG_ANALYZER_NUMBER_OBJECT_CONVERSION = YES_AGGRESSIVE;
				CLANG_CXX_LANGUAGE_STANDARD = "gnu++14";
				CLANG_CXX_LIBRARY = "libc++";
				CLANG_ENABLE_MODULES = YES;
				CLANG_ENABLE_OBJC_ARC = YES;
				CLANG_WARN_BLOCK_CAPTURE_AUTORELEASING = YES;
				CLANG_WARN_BOOL_CONVERSION = YES;
				CLANG_WARN_COMMA = YES;
				CLANG_WARN_CONSTANT_CONVERSION = YES;
				CLANG_WARN_DEPRECATED_OBJC_IMPLEMENTATIONS = YES;
				CLANG_WARN_DIRECT_OBJC_ISA_USAGE = YES_ERROR;
				CLANG_WARN_DOCUMENTATION_COMMENTS = YES;
				CLANG_WARN_EMPTY_BODY = YES;
				CLANG_WARN_ENUM_CONVERSION = YES;
				CLANG_WARN_INFINITE_RECURSION = YES;
				CLANG_WARN_INT_CONVERSION = YES;
				CLANG_WARN_NON_LITERAL_NULL_CONVERSION = YES;
				CLANG_WARN_OBJC_IMPLICIT_RETAIN_SELF = YES;
				CLANG_WARN_OBJC_LITERAL_CONVERSION = YES;
				CLANG_WARN_OBJC_ROOT_CLASS = YES_ERROR;
				CLANG_WARN_RANGE_LOOP_ANALYSIS = YES;
				CLANG_WARN_STRICT_PROTOTYPES = YES;
				CLANG_WARN_SUSPICIOUS_MOVE = YES;
				CLANG_WARN_UNGUARDED_AVAILABILITY = YES_AGGRESSIVE;
				CLANG_WARN_UNREACHABLE_CODE = YES;
				CLANG_WARN__DUPLICATE_METHOD_MATCH = YES;
				CODE_SIGN_IDENTITY = "iPhone Developer";
				COPY_PHASE_STRIP = NO;
				DEBUG_INFORMATION_FORMAT = "dwarf-with-dsym";
				ENABLE_NS_ASSERTIONS = NO;
				ENABLE_STRICT_OBJC_MSGSEND = YES;
				GCC_C_LANGUAGE_STANDARD = gnu11;
				GCC_NO_COMMON_BLOCKS = YES;
				GCC_WARN_64_TO_32_BIT_CONVERSION = YES;
				GCC_WARN_ABOUT_RETURN_TYPE = YES_ERROR;
				GCC_WARN_UNDECLARED_SELECTOR = YES;
				GCC_WARN_UNINITIALIZED_AUTOS = YES_AGGRESSIVE;
				GCC_WARN_UNUSED_FUNCTION = YES;
				GCC_WARN_UNUSED_VARIABLE = YES;
				IPHONEOS_DEPLOYMENT_TARGET = 12.2;
				MTL_ENABLE_DEBUG_INFO = NO;
				SDKROOT = iphoneos;
				SWIFT_OPTIMIZATION_LEVEL = "-Owholemodule";
				SWIFT_VERSION = 5.0;
				TARGETED_DEVICE_FAMILY = "1,2";
				VALIDATE_PRODUCT = YES;
			};
			name = Release;
		};
		1161F7D8203EAFE800B9C845 /* Debug */ = {
			isa = XCBuildConfiguration;
			buildSettings = {
				ALWAYS_EMBED_SWIFT_STANDARD_LIBRARIES = YES;
				ASSETCATALOG_COMPILER_APPICON_NAME = AppIcon;
				CODE_SIGN_IDENTITY = "iPhone Developer";
				CODE_SIGN_STYLE = Automatic;
				DEVELOPMENT_TEAM = KFFD69X4L6;
				INFOPLIST_FILE = "NetXMS Mobile Console/Info.plist";
				LD_RUNPATH_SEARCH_PATHS = "$(inherited) @executable_path/Frameworks";
				LIBRARY_SEARCH_PATHS = "$(inherited)";
				PRODUCT_BUNDLE_IDENTIFIER = "nx.netxms-ios";
				PRODUCT_NAME = "$(TARGET_NAME)";
				PROVISIONING_PROFILE_SPECIFIER = "";
				SWIFT_VERSION = 4.0;
				TARGETED_DEVICE_FAMILY = "1,2";
			};
			name = Debug;
		};
		1161F7D9203EAFE800B9C845 /* Release */ = {
			isa = XCBuildConfiguration;
			buildSettings = {
				ALWAYS_EMBED_SWIFT_STANDARD_LIBRARIES = YES;
				ASSETCATALOG_COMPILER_APPICON_NAME = AppIcon;
				CODE_SIGN_IDENTITY = "iPhone Developer";
				CODE_SIGN_STYLE = Automatic;
				DEVELOPMENT_TEAM = KFFD69X4L6;
				INFOPLIST_FILE = "NetXMS Mobile Console/Info.plist";
				LD_RUNPATH_SEARCH_PATHS = "$(inherited) @executable_path/Frameworks";
				LIBRARY_SEARCH_PATHS = "$(inherited)";
				PRODUCT_BUNDLE_IDENTIFIER = "nx.netxms-ios";
				PRODUCT_NAME = "$(TARGET_NAME)";
				PROVISIONING_PROFILE_SPECIFIER = "";
				SWIFT_VERSION = 4.0;
				TARGETED_DEVICE_FAMILY = "1,2";
			};
			name = Release;
		};
		1161F7DB203EAFE800B9C845 /* Debug */ = {
			isa = XCBuildConfiguration;
			buildSettings = {
				ALWAYS_EMBED_SWIFT_STANDARD_LIBRARIES = YES;
				BUNDLE_LOADER = "$(TEST_HOST)";
				CODE_SIGN_STYLE = Automatic;
				DEVELOPMENT_TEAM = 3P4TEC3UN3;
				INFOPLIST_FILE = "NetXMS Mobile ConsoleTests/Info.plist";
				LD_RUNPATH_SEARCH_PATHS = "$(inherited) @executable_path/Frameworks @loader_path/Frameworks";
				PRODUCT_BUNDLE_IDENTIFIER = "nx.NetXMS-Mobile-ConsoleTests";
				PRODUCT_NAME = "$(TARGET_NAME)";
				SWIFT_VERSION = 4.0;
				TARGETED_DEVICE_FAMILY = "1,2";
				TEST_HOST = "$(BUILT_PRODUCTS_DIR)/NetXMS Mobile Console.app/NetXMS Mobile Console";
			};
			name = Debug;
		};
		1161F7DC203EAFE800B9C845 /* Release */ = {
			isa = XCBuildConfiguration;
			buildSettings = {
				ALWAYS_EMBED_SWIFT_STANDARD_LIBRARIES = YES;
				BUNDLE_LOADER = "$(TEST_HOST)";
				CODE_SIGN_STYLE = Automatic;
				DEVELOPMENT_TEAM = 3P4TEC3UN3;
				INFOPLIST_FILE = "NetXMS Mobile ConsoleTests/Info.plist";
				LD_RUNPATH_SEARCH_PATHS = "$(inherited) @executable_path/Frameworks @loader_path/Frameworks";
				PRODUCT_BUNDLE_IDENTIFIER = "nx.NetXMS-Mobile-ConsoleTests";
				PRODUCT_NAME = "$(TARGET_NAME)";
				SWIFT_VERSION = 4.0;
				TARGETED_DEVICE_FAMILY = "1,2";
				TEST_HOST = "$(BUILT_PRODUCTS_DIR)/NetXMS Mobile Console.app/NetXMS Mobile Console";
			};
			name = Release;
		};
		1161F7DE203EAFE800B9C845 /* Debug */ = {
			isa = XCBuildConfiguration;
			buildSettings = {
				ALWAYS_EMBED_SWIFT_STANDARD_LIBRARIES = YES;
				CODE_SIGN_STYLE = Automatic;
				DEVELOPMENT_TEAM = 3P4TEC3UN3;
				INFOPLIST_FILE = "NetXMS Mobile ConsoleUITests/Info.plist";
				LD_RUNPATH_SEARCH_PATHS = "$(inherited) @executable_path/Frameworks @loader_path/Frameworks";
				PRODUCT_BUNDLE_IDENTIFIER = "nx.NetXMS-Mobile-ConsoleUITests";
				PRODUCT_NAME = "$(TARGET_NAME)";
				SWIFT_VERSION = 4.0;
				TARGETED_DEVICE_FAMILY = "1,2";
				TEST_TARGET_NAME = "NetXMS Mobile Console";
			};
			name = Debug;
		};
		1161F7DF203EAFE800B9C845 /* Release */ = {
			isa = XCBuildConfiguration;
			buildSettings = {
				ALWAYS_EMBED_SWIFT_STANDARD_LIBRARIES = YES;
				CODE_SIGN_STYLE = Automatic;
				DEVELOPMENT_TEAM = 3P4TEC3UN3;
				INFOPLIST_FILE = "NetXMS Mobile ConsoleUITests/Info.plist";
				LD_RUNPATH_SEARCH_PATHS = "$(inherited) @executable_path/Frameworks @loader_path/Frameworks";
				PRODUCT_BUNDLE_IDENTIFIER = "nx.NetXMS-Mobile-ConsoleUITests";
				PRODUCT_NAME = "$(TARGET_NAME)";
				SWIFT_VERSION = 4.0;
				TARGETED_DEVICE_FAMILY = "1,2";
				TEST_TARGET_NAME = "NetXMS Mobile Console";
			};
			name = Release;
		};
/* End XCBuildConfiguration section */

/* Begin XCConfigurationList section */
		1161F7AA203EAFE700B9C845 /* Build configuration list for PBXProject "NetXMS Mobile Console" */ = {
			isa = XCConfigurationList;
			buildConfigurations = (
				1161F7D5203EAFE800B9C845 /* Debug */,
				1161F7D6203EAFE800B9C845 /* Release */,
			);
			defaultConfigurationIsVisible = 0;
			defaultConfigurationName = Release;
		};
		1161F7D7203EAFE800B9C845 /* Build configuration list for PBXNativeTarget "NetXMS Mobile Console" */ = {
			isa = XCConfigurationList;
			buildConfigurations = (
				1161F7D8203EAFE800B9C845 /* Debug */,
				1161F7D9203EAFE800B9C845 /* Release */,
			);
			defaultConfigurationIsVisible = 0;
			defaultConfigurationName = Release;
		};
		1161F7DA203EAFE800B9C845 /* Build configuration list for PBXNativeTarget "NetXMS Mobile ConsoleTests" */ = {
			isa = XCConfigurationList;
			buildConfigurations = (
				1161F7DB203EAFE800B9C845 /* Debug */,
				1161F7DC203EAFE800B9C845 /* Release */,
			);
			defaultConfigurationIsVisible = 0;
			defaultConfigurationName = Release;
		};
		1161F7DD203EAFE800B9C845 /* Build configuration list for PBXNativeTarget "NetXMS Mobile ConsoleUITests" */ = {
			isa = XCConfigurationList;
			buildConfigurations = (
				1161F7DE203EAFE800B9C845 /* Debug */,
				1161F7DF203EAFE800B9C845 /* Release */,
			);
			defaultConfigurationIsVisible = 0;
			defaultConfigurationName = Release;
		};
/* End XCConfigurationList section */
	};
	rootObject = 1161F7A7203EAFE700B9C845 /* Project object */;
}
